{
  "lockfile_version": "1",
  "packages": {
    "github:NixOS/nixpkgs/nixpkgs-unstable": {
      "resolved": "github:NixOS/nixpkgs/250b695f41e0e2f5afbf15c6b12480de1fe0001b?lastModified=1743814133&narHash=sha256-drDyYyUmjeYGiHmwB9eOPTQRjmrq3Yz26knwmMPLZFk%3D"
    },
    "go@1.24.1": {
      "last_modified": "2025-03-11T17:52:14Z",
      "resolved": "github:NixOS/nixpkgs/0d534853a55b5d02a4ababa1d71921ce8f0aee4c#go",
      "source": "devbox-search",
      "version": "1.24.1",
      "systems": {
        "aarch64-darwin": {
          "outputs": [
            {
              "name": "out",
              "path": "/nix/store/ja4jxx60lh1qfqfl4z4p2rff56ia1c3c-go-1.24.1",
              "default": true
            }
          ],
          "store_path": "/nix/store/ja4jxx60lh1qfqfl4z4p2rff56ia1c3c-go-1.24.1"
        },
        "aarch64-linux": {
          "outputs": [
            {
              "name": "out",
              "path": "/nix/store/8ply43gnxk1xwichr81mpgbjcd9a1y5w-go-1.24.1",
              "default": true
            }
          ],
          "store_path": "/nix/store/8ply43gnxk1xwichr81mpgbjcd9a1y5w-go-1.24.1"
        },
        "x86_64-darwin": {
          "outputs": [
            {
              "name": "out",
              "path": "/nix/store/87yxrfx5lh78bdz393i33cr5z23x06q4-go-1.24.1",
              "default": true
            }
          ],
          "store_path": "/nix/store/87yxrfx5lh78bdz393i33cr5z23x06q4-go-1.24.1"
        },
        "x86_64-linux": {
          "outputs": [
            {
              "name": "out",
              "path": "/nix/store/cfjhl0kn7xc65466pha9fkrvigw3g72n-go-1.24.1",
              "default": true
            }
          ],
          "store_path": "/nix/store/cfjhl0kn7xc65466pha9fkrvigw3g72n-go-1.24.1"
        }
      }
    },
    "nodejs@22.14.0": {
      "last_modified": "2025-03-23T05:31:05Z",
      "plugin_version": "0.0.2",
      "resolved": "github:NixOS/nixpkgs/dd613136ee91f67e5dba3f3f41ac99ae89c5406b#nodejs_22",
      "source": "devbox-search",
      "version": "22.14.0",
      "systems": {
        "aarch64-darwin": {
          "outputs": [
            {
              "name": "out",
              "path": "/nix/store/i1v519j66jmvpqr5h382i9nanxwa5l6n-nodejs-22.14.0",
              "default": true
            },
            {
              "name": "libv8",
              "path": "/nix/store/4m6xhygkx74fsd5k99nihgr7vg85f553-nodejs-22.14.0-libv8"
            }
          ],
          "store_path": "/nix/store/i1v519j66jmvpqr5h382i9nanxwa5l6n-nodejs-22.14.0"
        },
        "aarch64-linux": {
          "outputs": [
            {
              "name": "out",
              "path": "/nix/store/5baih13vgavgia3889wsvh4n4z0mkawd-nodejs-22.14.0",
              "default": true
            },
            {
              "name": "libv8",
              "path": "/nix/store/5qv5cl1s9hjhyjhd4nmgndf1ccf3mc4r-nodejs-22.14.0-libv8"
            }
          ],
          "store_path": "/nix/store/5baih13vgavgia3889wsvh4n4z0mkawd-nodejs-22.14.0"
        },
        "x86_64-darwin": {
          "outputs": [
            {
              "name": "out",
              "path": "/nix/store/8b56xv3fa7v0w0kpr2yvkxq6cb2kknd0-nodejs-22.14.0",
              "default": true
            },
            {
              "name": "libv8",
              "path": "/nix/store/jg0m7pq2hvqrkm1vx22sghqvc9vnn35h-nodejs-22.14.0-libv8"
            }
          ],
          "store_path": "/nix/store/8b56xv3fa7v0w0kpr2yvkxq6cb2kknd0-nodejs-22.14.0"
        },
        "x86_64-linux": {
          "outputs": [
            {
              "name": "out",
              "path": "/nix/store/bmakyv5ip1wc9jk155glzdw4vnnrym04-nodejs-22.14.0",
              "default": true
            },
            {
              "name": "libv8",
              "path": "/nix/store/j4w6685rkqwwl03cc8phm8xiyb2xmbnq-nodejs-22.14.0-libv8"
            }
          ],
          "store_path": "/nix/store/bmakyv5ip1wc9jk155glzdw4vnnrym04-nodejs-22.14.0"
        }
      }
    },
    "pnpm@10.7.0": {
      "last_modified": "2025-03-27T11:50:31Z",
      "resolved": "github:NixOS/nixpkgs/6c5963357f3c1c840201eda129a99d455074db04#pnpm",
      "source": "devbox-search",
      "version": "10.7.0",
      "systems": {
        "aarch64-darwin": {
          "outputs": [
            {
              "name": "out",
              "path": "/nix/store/x76wprx01q04cinshnm1133yg1ypsj3a-pnpm-10.7.0",
              "default": true
            }
          ],
          "store_path": "/nix/store/x76wprx01q04cinshnm1133yg1ypsj3a-pnpm-10.7.0"
        },
        "aarch64-linux": {
          "outputs": [
            {
              "name": "out",
              "path": "/nix/store/bnarmhxsz8msrpsn96di6vb2ng3idaxj-pnpm-10.7.0",
              "default": true
            }
          ],
          "store_path": "/nix/store/bnarmhxsz8msrpsn96di6vb2ng3idaxj-pnpm-10.7.0"
        },
        "x86_64-darwin": {
          "outputs": [
            {
              "name": "out",
              "path": "/nix/store/0pz2nz0r1rwmyqg1kczs4wwxhnx6xn86-pnpm-10.7.0",
              "default": true
            }
          ],
          "store_path": "/nix/store/0pz2nz0r1rwmyqg1kczs4wwxhnx6xn86-pnpm-10.7.0"
        },
        "x86_64-linux": {
          "outputs": [
            {
              "name": "out",
              "path": "/nix/store/ywwl1rqzh8ivxz9skyyswqf56hsdp4gg-pnpm-10.7.0",
              "default": true
            }
          ],
          "store_path": "/nix/store/ywwl1rqzh8ivxz9skyyswqf56hsdp4gg-pnpm-10.7.0"
        }
      }
    },
    "pre-commit@4.0.1": {
      "last_modified": "2025-03-23T14:04:58Z",
      "resolved": "github:NixOS/nixpkgs/f3a2a0601e9669a6e38af25b46ce6c4563bcb6da#pre-commit",
      "source": "devbox-search",
      "version": "4.0.1",
      "systems": {
        "aarch64-darwin": {
          "outputs": [
            {
              "name": "out",
              "path": "/nix/store/pzpq71v0n2bz0kbq564f1rpbkvxpm806-pre-commit-4.0.1",
              "default": true
            },
            {
              "name": "dist",
              "path": "/nix/store/apb3rhddwh7dsrcck3z4gjrp1wvbnj15-pre-commit-4.0.1-dist"
            }
          ],
          "store_path": "/nix/store/pzpq71v0n2bz0kbq564f1rpbkvxpm806-pre-commit-4.0.1"
        },
        "aarch64-linux": {
          "outputs": [
            {
              "name": "out",
              "path": "/nix/store/4v96c7s6q8hf2qb6xvswxsi889p2685f-pre-commit-4.0.1",
              "default": true
            },
            {
              "name": "dist",
              "path": "/nix/store/0wgwippsj2rmf14g2x4kiliar10gsmvw-pre-commit-4.0.1-dist"
            }
          ],
          "store_path": "/nix/store/4v96c7s6q8hf2qb6xvswxsi889p2685f-pre-commit-4.0.1"
        },
        "x86_64-darwin": {
          "outputs": [
            {
              "name": "out",
              "path": "/nix/store/a2k5j6cqljj3mc3l0g78kjz4shzf5qfd-pre-commit-4.0.1",
              "default": true
            },
            {
              "name": "dist",
              "path": "/nix/store/fxcbjldzbkhfywgnas64yiidgllnsd1f-pre-commit-4.0.1-dist"
            }
          ],
          "store_path": "/nix/store/a2k5j6cqljj3mc3l0g78kjz4shzf5qfd-pre-commit-4.0.1"
        },
        "x86_64-linux": {
          "outputs": [
            {
              "name": "out",
              "path": "/nix/store/kb01yi27frzjk7hhxmlihihmzk1q3vgx-pre-commit-4.0.1",
              "default": true
            },
            {
              "name": "dist",
              "path": "/nix/store/wz5an2d6397zfq6mqgi964r5k4b602dv-pre-commit-4.0.1-dist"
            }
          ],
          "store_path": "/nix/store/kb01yi27frzjk7hhxmlihihmzk1q3vgx-pre-commit-4.0.1"
        }
      }
    },
    "skaffold@2.14.2": {
      "last_modified": "2025-03-21T08:42:37Z",
      "resolved": "github:NixOS/nixpkgs/bfa9810ff7104a17555ab68ebdeafb6705f129b1#skaffold",
      "source": "devbox-search",
      "version": "2.14.2",
      "systems": {
        "aarch64-darwin": {
          "outputs": [
            {
              "name": "out",
              "path": "/nix/store/mvgi49zcqqyc0w5dhdnzmy621msj79sy-skaffold-2.14.2",
              "default": true
            }
          ],
          "store_path": "/nix/store/mvgi49zcqqyc0w5dhdnzmy621msj79sy-skaffold-2.14.2"
        },
        "aarch64-linux": {
          "outputs": [
            {
              "name": "out",
              "path": "/nix/store/4dhf9psbbjmmnbwww6gqc8281hy6pi3j-skaffold-2.14.2",
              "default": true
            }
          ],
          "store_path": "/nix/store/4dhf9psbbjmmnbwww6gqc8281hy6pi3j-skaffold-2.14.2"
        },
        "x86_64-darwin": {
          "outputs": [
            {
              "name": "out",
              "path": "/nix/store/jk1hp5ayzbxhpl99153g3kz219wrql8q-skaffold-2.14.2",
              "default": true
            }
          ],
          "store_path": "/nix/store/jk1hp5ayzbxhpl99153g3kz219wrql8q-skaffold-2.14.2"
        },
        "x86_64-linux": {
          "outputs": [
            {
              "name": "out",
              "path": "/nix/store/8n9fyggx5ljfyyh7blpwa3md225qzs9z-skaffold-2.14.2",
              "default": true
            }
          ],
          "store_path": "/nix/store/8n9fyggx5ljfyyh7blpwa3md225qzs9z-skaffold-2.14.2"
        }
      }
    }
  }
}
